
Microsoft Visual Studio Solution File, Format Version 12.00
# Visual Studio Version 17
VisualStudioVersion = 17.14.35906.104 d17.14
MinimumVisualStudioVersion = 10.0.40219.1
Project("{FAE04EC0-301F-11D3-BF4B-00C04F79EFBC}") = "MyPortfolio1", "MyPortfolio1\MyPortfolio1.csproj", "{9DB0BFF0-370A-41FC-AE26-9B71999521D4}"
EndProject
Global
	GlobalSection(SolutionConfigurationPlatforms) = preSolution
		Debug|Any CPU = Debug|Any CPU
		Release|Any CPU = Release|Any CPU
	EndGlobalSection
	GlobalSection(ProjectConfigurationPlatforms) = postSolution
		{9DB0BFF0-370A-41FC-AE26-9B71999521D4}.Debug|Any CPU.ActiveCfg = Debug|Any CPU
		{9DB0BFF0-370A-41FC-AE26-9B71999521D4}.Debug|Any CPU.Build.0 = Debug|Any CPU
		{9DB0BFF0-370A-41FC-AE26-9B71999521D4}.Release|Any CPU.ActiveCfg = Release|Any CPU
		{9DB0BFF0-370A-41FC-AE26-9B71999521D4}.Release|Any CPU.Build.0 = Release|Any CPU
	EndGlobalSection
	GlobalSection(SolutionProperties) = preSolution
		HideSolutionNode = FALSE
	EndGlobalSection
	GlobalSection(ExtensibilityGlobals) = postSolution
		SolutionGuid = {5A53C7A3-B168-4A5D-9E8D-8CE4B8BBA836}
	EndGlobalSection
EndGlobal
